// !$*UTF8*$!
{
	archiveVersion = 1;
	classes = {
	};
	objectVersion = 48;
	objects = {

/* Begin PBXBuildFile section */
		5F75BBD31FD594DA00E01DEE /* AppDelegate.swift in Sources */ = {isa = PBXBuildFile; fileRef = 5F75BBD21FD594DA00E01DEE /* AppDelegate.swift */; };
		5F75BBD51FD594DA00E01DEE /* ViewController.swift in Sources */ = {isa = PBXBuildFile; fileRef = 5F75BBD41FD594DA00E01DEE /* ViewController.swift */; };
		5F75BBD81FD594DA00E01DEE /* Main.storyboard in Resources */ = {isa = PBXBuildFile; fileRef = 5F75BBD61FD594DA00E01DEE /* Main.storyboard */; };
		5F75BBDA1FD594DA00E01DEE /* Assets.xcassets in Resources */ = {isa = PBXBuildFile; fileRef = 5F75BBD91FD594DA00E01DEE /* Assets.xcassets */; };
		5F75BBDD1FD594DA00E01DEE /* LaunchScreen.storyboard in Resources */ = {isa = PBXBuildFile; fileRef = 5F75BBDB1FD594DA00E01DEE /* LaunchScreen.storyboard */; };
		5F75BBE81FD594DA00E01DEE /* DynamicTableViewTestTests.swift in Sources */ = {isa = PBXBuildFile; fileRef = 5F75BBE71FD594DA00E01DEE /* DynamicTableViewTestTests.swift */; };
		5F75BBF41FD5953500E01DEE /* DataSource.swift in Sources */ = {isa = PBXBuildFile; fileRef = 5F75BBF31FD5953500E01DEE /* DataSource.swift */; };
		5F75BBF61FD597A200E01DEE /* TableViewDataSource.swift in Sources */ = {isa = PBXBuildFile; fileRef = 5F75BBF51FD597A200E01DEE /* TableViewDataSource.swift */; };
		5F75BBFB1FD59BF500E01DEE /* FooTableViewDataSource.swift in Sources */ = {isa = PBXBuildFile; fileRef = 5F75BBFA1FD59BF500E01DEE /* FooTableViewDataSource.swift */; };
		5F75BBFE1FD59D0000E01DEE /* ModelFactory.swift in Sources */ = {isa = PBXBuildFile; fileRef = 5F75BBFD1FD59D0000E01DEE /* ModelFactory.swift */; };
		5F75BC031FD59D5800E01DEE /* FooCell.swift in Sources */ = {isa = PBXBuildFile; fileRef = 5F75BC021FD59D5800E01DEE /* FooCell.swift */; };
		5F75BC051FD59D6000E01DEE /* FooCell.xib in Resources */ = {isa = PBXBuildFile; fileRef = 5F75BC041FD59D6000E01DEE /* FooCell.xib */; };
		5F75BC091FD5A04400E01DEE /* ForceCell.xib in Resources */ = {isa = PBXBuildFile; fileRef = 5F75BC081FD5A04400E01DEE /* ForceCell.xib */; };
		5F75BC0B1FD5A04E00E01DEE /* ForceCell.swift in Sources */ = {isa = PBXBuildFile; fileRef = 5F75BC0A1FD5A04E00E01DEE /* ForceCell.swift */; };
/* End PBXBuildFile section */

/* Begin PBXContainerItemProxy section */
		5F75BBE41FD594DA00E01DEE /* PBXContainerItemProxy */ = {
			isa = PBXContainerItemProxy;
			containerPortal = 5F75BBC71FD594DA00E01DEE /* Project object */;
			proxyType = 1;
			remoteGlobalIDString = 5F75BBCE1FD594DA00E01DEE;
			remoteInfo = DynamicTableViewTest;
		};
/* End PBXContainerItemProxy section */

/* Begin PBXFileReference section */
		5F75BBCF1FD594DA00E01DEE /* DynamicTableViewTest.app */ = {isa = PBXFileReference; explicitFileType = wrapper.application; includeInIndex = 0; path = DynamicTableViewTest.app; sourceTree = BUILT_PRODUCTS_DIR; };
		5F75BBD21FD594DA00E01DEE /* AppDelegate.swift */ = {isa = PBXFileReference; lastKnownFileType = sourcecode.swift; path = AppDelegate.swift; sourceTree = "<group>"; };
		5F75BBD41FD594DA00E01DEE /* ViewController.swift */ = {isa = PBXFileReference; lastKnownFileType = sourcecode.swift; path = ViewController.swift; sourceTree = "<group>"; };
		5F75BBD71FD594DA00E01DEE /* Base */ = {isa = PBXFileReference; lastKnownFileType = file.storyboard; name = Base; path = Base.lproj/Main.storyboard; sourceTree = "<group>"; };
		5F75BBD91FD594DA00E01DEE /* Assets.xcassets */ = {isa = PBXFileReference; lastKnownFileType = folder.assetcatalog; path = Assets.xcassets; sourceTree = "<group>"; };
		5F75BBDC1FD594DA00E01DEE /* Base */ = {isa = PBXFileReference; lastKnownFileType = file.storyboard; name = Base; path = Base.lproj/LaunchScreen.storyboard; sourceTree = "<group>"; };
		5F75BBDE1FD594DA00E01DEE /* Info.plist */ = {isa = PBXFileReference; lastKnownFileType = text.plist.xml; path = Info.plist; sourceTree = "<group>"; };
		5F75BBE31FD594DA00E01DEE /* DynamicTableViewTestTests.xctest */ = {isa = PBXFileReference; explicitFileType = wrapper.cfbundle; includeInIndex = 0; path = DynamicTableViewTestTests.xctest; sourceTree = BUILT_PRODUCTS_DIR; };
		5F75BBE71FD594DA00E01DEE /* DynamicTableViewTestTests.swift */ = {isa = PBXFileReference; lastKnownFileType = sourcecode.swift; path = DynamicTableViewTestTests.swift; sourceTree = "<group>"; };
		5F75BBE91FD594DA00E01DEE /* Info.plist */ = {isa = PBXFileReference; lastKnownFileType = text.plist.xml; path = Info.plist; sourceTree = "<group>"; };
		5F75BBF31FD5953500E01DEE /* DataSource.swift */ = {isa = PBXFileReference; lastKnownFileType = sourcecode.swift; path = DataSource.swift; sourceTree = "<group>"; };
		5F75BBF51FD597A200E01DEE /* TableViewDataSource.swift */ = {isa = PBXFileReference; lastKnownFileType = sourcecode.swift; path = TableViewDataSource.swift; sourceTree = "<group>"; };
		5F75BBFA1FD59BF500E01DEE /* FooTableViewDataSource.swift */ = {isa = PBXFileReference; lastKnownFileType = sourcecode.swift; path = FooTableViewDataSource.swift; sourceTree = "<group>"; };
		5F75BBFD1FD59D0000E01DEE /* ModelFactory.swift */ = {isa = PBXFileReference; lastKnownFileType = sourcecode.swift; path = ModelFactory.swift; sourceTree = "<group>"; };
		5F75BC021FD59D5800E01DEE /* FooCell.swift */ = {isa = PBXFileReference; lastKnownFileType = sourcecode.swift; path = FooCell.swift; sourceTree = "<group>"; };
		5F75BC041FD59D6000E01DEE /* FooCell.xib */ = {isa = PBXFileReference; lastKnownFileType = file.xib; path = FooCell.xib; sourceTree = "<group>"; };
		5F75BC081FD5A04400E01DEE /* ForceCell.xib */ = {isa = PBXFileReference; lastKnownFileType = file.xib; path = ForceCell.xib; sourceTree = "<group>"; };
		5F75BC0A1FD5A04E00E01DEE /* ForceCell.swift */ = {isa = PBXFileReference; lastKnownFileType = sourcecode.swift; path = ForceCell.swift; sourceTree = "<group>"; };
/* End PBXFileReference section */

/* Begin PBXFrameworksBuildPhase section */
		5F75BBCC1FD594DA00E01DEE /* Frameworks */ = {
			isa = PBXFrameworksBuildPhase;
			buildActionMask = 2147483647;
			files = (
			);
			runOnlyForDeploymentPostprocessing = 0;
		};
		5F75BBE01FD594DA00E01DEE /* Frameworks */ = {
			isa = PBXFrameworksBuildPhase;
			buildActionMask = 2147483647;
			files = (
			);
			runOnlyForDeploymentPostprocessing = 0;
		};
/* End PBXFrameworksBuildPhase section */

/* Begin PBXGroup section */
		5F75BBC61FD594DA00E01DEE = {
			isa = PBXGroup;
			children = (
				5F75BBD11FD594DA00E01DEE /* DynamicTableViewTest */,
				5F75BBE61FD594DA00E01DEE /* DynamicTableViewTestTests */,
				5F75BBD01FD594DA00E01DEE /* Products */,
			);
			sourceTree = "<group>";
		};
		5F75BBD01FD594DA00E01DEE /* Products */ = {
			isa = PBXGroup;
			children = (
				5F75BBCF1FD594DA00E01DEE /* DynamicTableViewTest.app */,
				5F75BBE31FD594DA00E01DEE /* DynamicTableViewTestTests.xctest */,
			);
			name = Products;
			sourceTree = "<group>";
		};
		5F75BBD11FD594DA00E01DEE /* DynamicTableViewTest */ = {
			isa = PBXGroup;
			children = (
				5F75BC001FD59D4200E01DEE /* View */,
				5F75BBFC1FD59CF600E01DEE /* ModelFactory */,
				5F75BBF21FD5952600E01DEE /* DataSource */,
				5F75BBD21FD594DA00E01DEE /* AppDelegate.swift */,
				5F75BBD41FD594DA00E01DEE /* ViewController.swift */,
				5F75BBD61FD594DA00E01DEE /* Main.storyboard */,
				5F75BBD91FD594DA00E01DEE /* Assets.xcassets */,
				5F75BBDB1FD594DA00E01DEE /* LaunchScreen.storyboard */,
				5F75BBDE1FD594DA00E01DEE /* Info.plist */,
			);
			path = DynamicTableViewTest;
			sourceTree = "<group>";
		};
		5F75BBE61FD594DA00E01DEE /* DynamicTableViewTestTests */ = {
			isa = PBXGroup;
			children = (
				5F75BBE71FD594DA00E01DEE /* DynamicTableViewTestTests.swift */,
				5F75BBE91FD594DA00E01DEE /* Info.plist */,
			);
			path = DynamicTableViewTestTests;
			sourceTree = "<group>";
		};
		5F75BBF21FD5952600E01DEE /* DataSource */ = {
			isa = PBXGroup;
			children = (
				5F75BBF91FD59BD000E01DEE /* DataSources */,
				5F75BBF31FD5953500E01DEE /* DataSource.swift */,
				5F75BBF51FD597A200E01DEE /* TableViewDataSource.swift */,
			);
			path = DataSource;
			sourceTree = "<group>";
		};
		5F75BBF91FD59BD000E01DEE /* DataSources */ = {
			isa = PBXGroup;
			children = (
				5F75BBFA1FD59BF500E01DEE /* FooTableViewDataSource.swift */,
			);
			path = DataSources;
			sourceTree = "<group>";
		};
		5F75BBFC1FD59CF600E01DEE /* ModelFactory */ = {
			isa = PBXGroup;
			children = (
				5F75BBFD1FD59D0000E01DEE /* ModelFactory.swift */,
			);
			path = ModelFactory;
			sourceTree = "<group>";
		};
		5F75BC001FD59D4200E01DEE /* View */ = {
			isa = PBXGroup;
			children = (
				5F75BC011FD59D4800E01DEE /* Cells */,
			);
			path = View;
			sourceTree = "<group>";
		};
		5F75BC011FD59D4800E01DEE /* Cells */ = {
			isa = PBXGroup;
			children = (
				5F75BC071FD5A03800E01DEE /* SWCell */,
				5F75BC061FD5A03200E01DEE /* FooCell */,
			);
			path = Cells;
			sourceTree = "<group>";
		};
		5F75BC061FD5A03200E01DEE /* FooCell */ = {
			isa = PBXGroup;
			children = (
				5F75BC021FD59D5800E01DEE /* FooCell.swift */,
				5F75BC041FD59D6000E01DEE /* FooCell.xib */,
			);
			path = FooCell;
			sourceTree = "<group>";
		};
		5F75BC071FD5A03800E01DEE /* SWCell */ = {
			isa = PBXGroup;
			children = (
				5F75BC0A1FD5A04E00E01DEE /* ForceCell.swift */,
				5F75BC081FD5A04400E01DEE /* ForceCell.xib */,
			);
			path = SWCell;
			sourceTree = "<group>";
		};
/* End PBXGroup section */

/* Begin PBXNativeTarget section */
		5F75BBCE1FD594DA00E01DEE /* DynamicTableViewTest */ = {
			isa = PBXNativeTarget;
			buildConfigurationList = 5F75BBEC1FD594DA00E01DEE /* Build configuration list for PBXNativeTarget "DynamicTableViewTest" */;
			buildPhases = (
				5F75BBCB1FD594DA00E01DEE /* Sources */,
				5F75BBCC1FD594DA00E01DEE /* Frameworks */,
				5F75BBCD1FD594DA00E01DEE /* Resources */,
			);
			buildRules = (
			);
			dependencies = (
			);
			name = DynamicTableViewTest;
			productName = DynamicTableViewTest;
			productReference = 5F75BBCF1FD594DA00E01DEE /* DynamicTableViewTest.app */;
			productType = "com.apple.product-type.application";
		};
		5F75BBE21FD594DA00E01DEE /* DynamicTableViewTestTests */ = {
			isa = PBXNativeTarget;
			buildConfigurationList = 5F75BBEF1FD594DA00E01DEE /* Build configuration list for PBXNativeTarget "DynamicTableViewTestTests" */;
			buildPhases = (
				5F75BBDF1FD594DA00E01DEE /* Sources */,
				5F75BBE01FD594DA00E01DEE /* Frameworks */,
				5F75BBE11FD594DA00E01DEE /* Resources */,
			);
			buildRules = (
			);
			dependencies = (
				5F75BBE51FD594DA00E01DEE /* PBXTargetDependency */,
			);
			name = DynamicTableViewTestTests;
			productName = DynamicTableViewTestTests;
			productReference = 5F75BBE31FD594DA00E01DEE /* DynamicTableViewTestTests.xctest */;
			productType = "com.apple.product-type.bundle.unit-test";
		};
/* End PBXNativeTarget section */

/* Begin PBXProject section */
		5F75BBC71FD594DA00E01DEE /* Project object */ = {
			isa = PBXProject;
			attributes = {
				LastSwiftUpdateCheck = 0920;
				LastUpgradeCheck = 0920;
				ORGANIZATIONNAME = mb;
				TargetAttributes = {
					5F75BBCE1FD594DA00E01DEE = {
						CreatedOnToolsVersion = 9.2;
						ProvisioningStyle = Automatic;
					};
					5F75BBE21FD594DA00E01DEE = {
						CreatedOnToolsVersion = 9.2;
						ProvisioningStyle = Automatic;
						TestTargetID = 5F75BBCE1FD594DA00E01DEE;
					};
				};
			};
			buildConfigurationList = 5F75BBCA1FD594DA00E01DEE /* Build configuration list for PBXProject "DynamicTableViewTest" */;
			compatibilityVersion = "Xcode 8.0";
			developmentRegion = en;
			hasScannedForEncodings = 0;
			knownRegions = (
				en,
				Base,
			);
			mainGroup = 5F75BBC61FD594DA00E01DEE;
			productRefGroup = 5F75BBD01FD594DA00E01DEE /* Products */;
			projectDirPath = "";
			projectRoot = "";
			targets = (
				5F75BBCE1FD594DA00E01DEE /* DynamicTableViewTest */,
				5F75BBE21FD594DA00E01DEE /* DynamicTableViewTestTests */,
			);
		};
/* End PBXProject section */

/* Begin PBXResourcesBuildPhase section */
		5F75BBCD1FD594DA00E01DEE /* Resources */ = {
			isa = PBXResourcesBuildPhase;
			buildActionMask = 2147483647;
			files = (
				5F75BC051FD59D6000E01DEE /* FooCell.xib in Resources */,
				5F75BBDD1FD594DA00E01DEE /* LaunchScreen.storyboard in Resources */,
				5F75BBDA1FD594DA00E01DEE /* Assets.xcassets in Resources */,
				5F75BBD81FD594DA00E01DEE /* Main.storyboard in Resources */,
				5F75BC091FD5A04400E01DEE /* ForceCell.xib in Resources */,
			);
			runOnlyForDeploymentPostprocessing = 0;
		};
		5F75BBE11FD594DA00E01DEE /* Resources */ = {
			isa = PBXResourcesBuildPhase;
			buildActionMask = 2147483647;
			files = (
			);
			runOnlyForDeploymentPostprocessing = 0;
		};
/* End PBXResourcesBuildPhase section */

/* Begin PBXSourcesBuildPhase section */
		5F75BBCB1FD594DA00E01DEE /* Sources */ = {
			isa = PBXSourcesBuildPhase;
			buildActionMask = 2147483647;
			files = (
				5F75BBF41FD5953500E01DEE /* DataSource.swift in Sources */,
				5F75BC0B1FD5A04E00E01DEE /* ForceCell.swift in Sources */,
				5F75BBD51FD594DA00E01DEE /* ViewController.swift in Sources */,
				5F75BBFE1FD59D0000E01DEE /* ModelFactory.swift in Sources */,
				5F75BBFB1FD59BF500E01DEE /* FooTableViewDataSource.swift in Sources */,
				5F75BC031FD59D5800E01DEE /* FooCell.swift in Sources */,
				5F75BBF61FD597A200E01DEE /* TableViewDataSource.swift in Sources */,
				5F75BBD31FD594DA00E01DEE /* AppDelegate.swift in Sources */,
			);
			runOnlyForDeploymentPostprocessing = 0;
		};
		5F75BBDF1FD594DA00E01DEE /* Sources */ = {
			isa = PBXSourcesBuildPhase;
			buildActionMask = 2147483647;
			files = (
				5F75BBE81FD594DA00E01DEE /* DynamicTableViewTestTests.swift in Sources */,
			);
			runOnlyForDeploymentPostprocessing = 0;
		};
/* End PBXSourcesBuildPhase section */

/* Begin PBXTargetDependency section */
		5F75BBE51FD594DA00E01DEE /* PBXTargetDependency */ = {
			isa = PBXTargetDependency;
			target = 5F75BBCE1FD594DA00E01DEE /* DynamicTableViewTest */;
			targetProxy = 5F75BBE41FD594DA00E01DEE /* PBXContainerItemProxy */;
		};
/* End PBXTargetDependency section */

/* Begin PBXVariantGroup section */
		5F75BBD61FD594DA00E01DEE /* Main.storyboard */ = {
			isa = PBXVariantGroup;
			children = (
				5F75BBD71FD594DA00E01DEE /* Base */,
			);
			name = Main.storyboard;
			sourceTree = "<group>";
		};
		5F75BBDB1FD594DA00E01DEE /* LaunchScreen.storyboard */ = {
			isa = PBXVariantGroup;
			children = (
				5F75BBDC1FD594DA00E01DEE /* Base */,
			);
			name = LaunchScreen.storyboard;
			sourceTree = "<group>";
		};
/* End PBXVariantGroup section */

/* Begin XCBuildConfiguration section */
		5F75BBEA1FD594DA00E01DEE /* Debug */ = {
			isa = XCBuildConfiguration;
			buildSettings = {
				ALWAYS_SEARCH_USER_PATHS = NO;
				CLANG_ANALYZER_NONNULL = YES;
				CLANG_ANALYZER_NUMBER_OBJECT_CONVERSION = YES_AGGRESSIVE;
				CLANG_CXX_LANGUAGE_STANDARD = "gnu++14";
				CLANG_CXX_LIBRARY = "libc++";
				CLANG_ENABLE_MODULES = YES;
				CLANG_ENABLE_OBJC_ARC = YES;
				CLANG_WARN_BLOCK_CAPTURE_AUTORELEASING = YES;
				CLANG_WARN_BOOL_CONVERSION = YES;
				CLANG_WARN_COMMA = YES;
				CLANG_WARN_CONSTANT_CONVERSION = YES;
				CLANG_WARN_DIRECT_OBJC_ISA_USAGE = YES_ERROR;
				CLANG_WARN_DOCUMENTATION_COMMENTS = YES;
				CLANG_WARN_EMPTY_BODY = YES;
				CLANG_WARN_ENUM_CONVERSION = YES;
				CLANG_WARN_INFINITE_RECURSION = YES;
				CLANG_WARN_INT_CONVERSION = YES;
				CLANG_WARN_NON_LITERAL_NULL_CONVERSION = YES;
				CLANG_WARN_OBJC_LITERAL_CONVERSION = YES;
				CLANG_WARN_OBJC_ROOT_CLASS = YES_ERROR;
				CLANG_WARN_RANGE_LOOP_ANALYSIS = YES;
				CLANG_WARN_STRICT_PROTOTYPES = YES;
				CLANG_WARN_SUSPICIOUS_MOVE = YES;
				CLANG_WARN_UNGUARDED_AVAILABILITY = YES_AGGRESSIVE;
				CLANG_WARN_UNREACHABLE_CODE = YES;
				CLANG_WARN__DUPLICATE_METHOD_MATCH = YES;
				CODE_SIGN_IDENTITY = "iPhone Developer";
				COPY_PHASE_STRIP = NO;
				DEBUG_INFORMATION_FORMAT = dwarf;
				ENABLE_STRICT_OBJC_MSGSEND = YES;
				ENABLE_TESTABILITY = YES;
				GCC_C_LANGUAGE_STANDARD = gnu11;
				GCC_DYNAMIC_NO_PIC = NO;
				GCC_NO_COMMON_BLOCKS = YES;
				GCC_OPTIMIZATION_LEVEL = 0;
				GCC_PREPROCESSOR_DEFINITIONS = (
					"DEBUG=1",
					"$(inherited)",
				);
				GCC_WARN_64_TO_32_BIT_CONVERSION = YES;
				GCC_WARN_ABOUT_RETURN_TYPE = YES_ERROR;
				GCC_WARN_UNDECLARED_SELECTOR = YES;
				GCC_WARN_UNINITIALIZED_AUTOS = YES_AGGRESSIVE;
				GCC_WARN_UNUSED_FUNCTION = YES;
				GCC_WARN_UNUSED_VARIABLE = YES;
				IPHONEOS_DEPLOYMENT_TARGET = 11.2;
				MTL_ENABLE_DEBUG_INFO = YES;
				ONLY_ACTIVE_ARCH = YES;
				SDKROOT = iphoneos;
				SWIFT_ACTIVE_COMPILATION_CONDITIONS = DEBUG;
				SWIFT_OPTIMIZATION_LEVEL = "-Onone";
			};
			name = Debug;
		};
		5F75BBEB1FD594DA00E01DEE /* Release */ = {
			isa = XCBuildConfiguration;
			buildSettings = {
				ALWAYS_SEARCH_USER_PATHS = NO;
				CLANG_ANALYZER_NONNULL = YES;
				CLANG_ANALYZER_NUMBER_OBJECT_CONVERSION = YES_AGGRESSIVE;
				CLANG_CXX_LANGUAGE_STANDARD = "gnu++14";
				CLANG_CXX_LIBRARY = "libc++";
				CLANG_ENABLE_MODULES = YES;
				CLANG_ENABLE_OBJC_ARC = YES;
				CLANG_WARN_BLOCK_CAPTURE_AUTORELEASING = YES;
				CLANG_WARN_BOOL_CONVERSION = YES;
				CLANG_WARN_COMMA = YES;
				CLANG_WARN_CONSTANT_CONVERSION = YES;
				CLANG_WARN_DIRECT_OBJC_ISA_USAGE = YES_ERROR;
				CLANG_WARN_DOCUMENTATION_COMMENTS = YES;
				CLANG_WARN_EMPTY_BODY = YES;
				CLANG_WARN_ENUM_CONVERSION = YES;
				CLANG_WARN_INFINITE_RECURSION = YES;
				CLANG_WARN_INT_CONVERSION = YES;
				CLANG_WARN_NON_LITERAL_NULL_CONVERSION = YES;
				CLANG_WARN_OBJC_LITERAL_CONVERSION = YES;
				CLANG_WARN_OBJC_ROOT_CLASS = YES_ERROR;
				CLANG_WARN_RANGE_LOOP_ANALYSIS = YES;
				CLANG_WARN_STRICT_PROTOTYPES = YES;
				CLANG_WARN_SUSPICIOUS_MOVE = YES;
				CLANG_WARN_UNGUARDED_AVAILABILITY = YES_AGGRESSIVE;
				CLANG_WARN_UNREACHABLE_CODE = YES;
				CLANG_WARN__DUPLICATE_METHOD_MATCH = YES;
				CODE_SIGN_IDENTITY = "iPhone Developer";
				COPY_PHASE_STRIP = NO;
				DEBUG_INFORMATION_FORMAT = "dwarf-with-dsym";
				ENABLE_NS_ASSERTIONS = NO;
				ENABLE_STRICT_OBJC_MSGSEND = YES;
				GCC_C_LANGUAGE_STANDARD = gnu11;
				GCC_NO_COMMON_BLOCKS = YES;
				GCC_WARN_64_TO_32_BIT_CONVERSION = YES;
				GCC_WARN_ABOUT_RETURN_TYPE = YES_ERROR;
				GCC_WARN_UNDECLARED_SELECTOR = YES;
				GCC_WARN_UNINITIALIZED_AUTOS = YES_AGGRESSIVE;
				GCC_WARN_UNUSED_FUNCTION = YES;
				GCC_WARN_UNUSED_VARIABLE = YES;
				IPHONEOS_DEPLOYMENT_TARGET = 11.2;
				MTL_ENABLE_DEBUG_INFO = NO;
				SDKROOT = iphoneos;
				SWIFT_OPTIMIZATION_LEVEL = "-Owholemodule";
				VALIDATE_PRODUCT = YES;
			};
			name = Release;
		};
		5F75BBED1FD594DA00E01DEE /* Debug */ = {
			isa = XCBuildConfiguration;
			buildSettings = {
				ASSETCATALOG_COMPILER_APPICON_NAME = AppIcon;
				CODE_SIGN_STYLE = Automatic;
				DEVELOPMENT_TEAM = ZJZ78A5LE4;
				INFOPLIST_FILE = DynamicTableViewTest/Info.plist;
				LD_RUNPATH_SEARCH_PATHS = "$(inherited) @executable_path/Frameworks";
				PRODUCT_BUNDLE_IDENTIFIER = com.mb.DynamicTableViewTest;
				PRODUCT_NAME = "$(TARGET_NAME)";
				SWIFT_VERSION = 4.0;
				TARGETED_DEVICE_FAMILY = "1,2";
			};
			name = Debug;
		};
		5F75BBEE1FD594DA00E01DEE /* Release */ = {
			isa = XCBuildConfiguration;
			buildSettings = {
				ASSETCATALOG_COMPILER_APPICON_NAME = AppIcon;
				CODE_SIGN_STYLE = Automatic;
				DEVELOPMENT_TEAM = ZJZ78A5LE4;
				INFOPLIST_FILE = DynamicTableViewTest/Info.plist;
				LD_RUNPATH_SEARCH_PATHS = "$(inherited) @executable_path/Frameworks";
				PRODUCT_BUNDLE_IDENTIFIER = com.mb.DynamicTableViewTest;
				PRODUCT_NAME = "$(TARGET_NAME)";
				SWIFT_VERSION = 4.0;
				TARGETED_DEVICE_FAMILY = "1,2";
			};
			name = Release;
		};
		5F75BBF01FD594DA00E01DEE /* Debug */ = {
			isa = XCBuildConfiguration;
			buildSettings = {
				ALWAYS_EMBED_SWIFT_STANDARD_LIBRARIES = YES;
				BUNDLE_LOADER = "$(TEST_HOST)";
				CODE_SIGN_STYLE = Automatic;
				DEVELOPMENT_TEAM = ZJZ78A5LE4;
				INFOPLIST_FILE = DynamicTableViewTestTests/Info.plist;
				LD_RUNPATH_SEARCH_PATHS = "$(inherited) @executable_path/Frameworks @loader_path/Frameworks";
				PRODUCT_BUNDLE_IDENTIFIER = com.mb.DynamicTableViewTestTests;
				PRODUCT_NAME = "$(TARGET_NAME)";
				SWIFT_VERSION = 4.0;
				TARGETED_DEVICE_FAMILY = "1,2";
				TEST_HOST = "$(BUILT_PRODUCTS_DIR)/DynamicTableViewTest.app/DynamicTableViewTest";
			};
			name = Debug;
		};
		5F75BBF11FD594DA00E01DEE /* Release */ = {
			isa = XCBuildConfiguration;
			buildSettings = {
				ALWAYS_EMBED_SWIFT_STANDARD_LIBRARIES = YES;
				BUNDLE_LOADER = "$(TEST_HOST)";
				CODE_SIGN_STYLE = Automatic;
				DEVELOPMENT_TEAM = ZJZ78A5LE4;
				INFOPLIST_FILE = DynamicTableViewTestTests/Info.plist;
				LD_RUNPATH_SEARCH_PATHS = "$(inherited) @executable_path/Frameworks @loader_path/Frameworks";
				PRODUCT_BUNDLE_IDENTIFIER = com.mb.DynamicTableViewTestTests;
				PRODUCT_NAME = "$(TARGET_NAME)";
				SWIFT_VERSION = 4.0;
				TARGETED_DEVICE_FAMILY = "1,2";
				TEST_HOST = "$(BUILT_PRODUCTS_DIR)/DynamicTableViewTest.app/DynamicTableViewTest";
			};
			name = Release;
		};
/* End XCBuildConfiguration section */

/* Begin XCConfigurationList section */
		5F75BBCA1FD594DA00E01DEE /* Build configuration list for PBXProject "DynamicTableViewTest" */ = {
			isa = XCConfigurationList;
			buildConfigurations = (
				5F75BBEA1FD594DA00E01DEE /* Debug */,
				5F75BBEB1FD594DA00E01DEE /* Release */,
			);
			defaultConfigurationIsVisible = 0;
			defaultConfigurationName = Release;
		};
		5F75BBEC1FD594DA00E01DEE /* Build configuration list for PBXNativeTarget "DynamicTableViewTest" */ = {
			isa = XCConfigurationList;
			buildConfigurations = (
				5F75BBED1FD594DA00E01DEE /* Debug */,
				5F75BBEE1FD594DA00E01DEE /* Release */,
			);
			defaultConfigurationIsVisible = 0;
			defaultConfigurationName = Release;
		};
		5F75BBEF1FD594DA00E01DEE /* Build configuration list for PBXNativeTarget "DynamicTableViewTestTests" */ = {
			isa = XCConfigurationList;
			buildConfigurations = (
				5F75BBF01FD594DA00E01DEE /* Debug */,
				5F75BBF11FD594DA00E01DEE /* Release */,
			);
			defaultConfigurationIsVisible = 0;
			defaultConfigurationName = Release;
		};
/* End XCConfigurationList section */
	};
	rootObject = 5F75BBC71FD594DA00E01DEE /* Project object */;
}
